
Microsoft Visual Studio Solution File, Format Version 12.00
# Visual Studio Version 17
VisualStudioVersion = 17.11.35327.3
MinimumVisualStudioVersion = 10.0.40219.1
Project("{FAE04EC0-301F-11D3-BF4B-00C04F79EFBC}") = "drzewa", "drzewa.csproj", "{A6FE0BAC-F0C5-416C-8E72-D4659D279CEE}"
EndProject
Global
	GlobalSection(SolutionConfigurationPlatforms) = preSolution
		Debug|Any CPU = Debug|Any CPU
		Release|Any CPU = Release|Any CPU
	EndGlobalSection
	GlobalSection(ProjectConfigurationPlatforms) = postSolution
		{A6FE0BAC-F0C5-416C-8E72-D4659D279CEE}.Debug|Any CPU.ActiveCfg = Debug|Any CPU
		{A6FE0BAC-F0C5-416C-8E72-D4659D279CEE}.Debug|Any CPU.Build.0 = Debug|Any CPU
		{A6FE0BAC-F0C5-416C-8E72-D4659D279CEE}.Release|Any CPU.ActiveCfg = Release|Any CPU
		{A6FE0BAC-F0C5-416C-8E72-D4659D279CEE}.Release|Any CPU.Build.0 = Release|Any CPU
	EndGlobalSection
	GlobalSection(SolutionProperties) = preSolution
		HideSolutionNode = FALSE
	EndGlobalSection
	GlobalSection(ExtensibilityGlobals) = postSolution
		SolutionGuid = {9D359E99-127A-4D46-8315-29E3EF4560C6}
	EndGlobalSection
EndGlobal
