
Microsoft Visual Studio Solution File, Format Version 12.00
# Visual Studio Version 17
VisualStudioVersion = 17.11.35327.3
MinimumVisualStudioVersion = 10.0.40219.1
Project("{FAE04EC0-301F-11D3-BF4B-00C04F79EFBC}") = "Grafy", "Grafy.csproj", "{D96AB5E1-6092-4F32-9A8E-5974D52372CD}"
EndProject
Global
	GlobalSection(SolutionConfigurationPlatforms) = preSolution
		Debug|Any CPU = Debug|Any CPU
		Release|Any CPU = Release|Any CPU
	EndGlobalSection
	GlobalSection(ProjectConfigurationPlatforms) = postSolution
		{D96AB5E1-6092-4F32-9A8E-5974D52372CD}.Debug|Any CPU.ActiveCfg = Debug|Any CPU
		{D96AB5E1-6092-4F32-9A8E-5974D52372CD}.Debug|Any CPU.Build.0 = Debug|Any CPU
		{D96AB5E1-6092-4F32-9A8E-5974D52372CD}.Release|Any CPU.ActiveCfg = Release|Any CPU
		{D96AB5E1-6092-4F32-9A8E-5974D52372CD}.Release|Any CPU.Build.0 = Release|Any CPU
	EndGlobalSection
	GlobalSection(SolutionProperties) = preSolution
		HideSolutionNode = FALSE
	EndGlobalSection
	GlobalSection(ExtensibilityGlobals) = postSolution
		SolutionGuid = {8D213B41-8FC9-4105-BA2B-B500A91704D7}
	EndGlobalSection
EndGlobal
