
Microsoft Visual Studio Solution File, Format Version 12.00
# Visual Studio Version 17
VisualStudioVersion = 17.11.35327.3
MinimumVisualStudioVersion = 10.0.40219.1
Project("{FAE04EC0-301F-11D3-BF4B-00C04F79EFBC}") = "sortowania", "sortowania.csproj", "{84F26FBE-EA54-4D7A-A833-9E77157282F3}"
EndProject
Global
	GlobalSection(SolutionConfigurationPlatforms) = preSolution
		Debug|Any CPU = Debug|Any CPU
		Release|Any CPU = Release|Any CPU
	EndGlobalSection
	GlobalSection(ProjectConfigurationPlatforms) = postSolution
		{84F26FBE-EA54-4D7A-A833-9E77157282F3}.Debug|Any CPU.ActiveCfg = Debug|Any CPU
		{84F26FBE-EA54-4D7A-A833-9E77157282F3}.Debug|Any CPU.Build.0 = Debug|Any CPU
		{84F26FBE-EA54-4D7A-A833-9E77157282F3}.Release|Any CPU.ActiveCfg = Release|Any CPU
		{84F26FBE-EA54-4D7A-A833-9E77157282F3}.Release|Any CPU.Build.0 = Release|Any CPU
	EndGlobalSection
	GlobalSection(SolutionProperties) = preSolution
		HideSolutionNode = FALSE
	EndGlobalSection
	GlobalSection(ExtensibilityGlobals) = postSolution
		SolutionGuid = {EEA3E9B9-BECB-49C8-A71D-BD407794CD7A}
	EndGlobalSection
EndGlobal
